
Microsoft Visual Studio Solution File, Format Version 12.00
# Visual Studio Version 16
VisualStudioVersion = 16.0.30517.126
MinimumVisualStudioVersion = 10.0.40219.1
Project("{8BC9CEB8-8B4A-11D0-8D11-00A0C91BC942}") = "OOP_LAB3", "OOP_LAB3\OOP_LAB3.vcxproj", "{18C2B5EF-35F7-417C-99F9-0FFD2BD681EE}"
EndProject
Global
	GlobalSection(SolutionConfigurationPlatforms) = preSolution
		Debug|x64 = Debug|x64
		Debug|x86 = Debug|x86
		Release|x64 = Release|x64
		Release|x86 = Release|x86
	EndGlobalSection
	GlobalSection(ProjectConfigurationPlatforms) = postSolution
		{18C2B5EF-35F7-417C-99F9-0FFD2BD681EE}.Debug|x64.ActiveCfg = Debug|x64
		{18C2B5EF-35F7-417C-99F9-0FFD2BD681EE}.Debug|x64.Build.0 = Debug|x64
		{18C2B5EF-35F7-417C-99F9-0FFD2BD681EE}.Debug|x86.ActiveCfg = Debug|Win32
		{18C2B5EF-35F7-417C-99F9-0FFD2BD681EE}.Debug|x86.Build.0 = Debug|Win32
		{18C2B5EF-35F7-417C-99F9-0FFD2BD681EE}.Release|x64.ActiveCfg = Release|x64
		{18C2B5EF-35F7-417C-99F9-0FFD2BD681EE}.Release|x64.Build.0 = Release|x64
		{18C2B5EF-35F7-417C-99F9-0FFD2BD681EE}.Release|x86.ActiveCfg = Release|Win32
		{18C2B5EF-35F7-417C-99F9-0FFD2BD681EE}.Release|x86.Build.0 = Release|Win32
	EndGlobalSection
	GlobalSection(SolutionProperties) = preSolution
		HideSolutionNode = FALSE
	EndGlobalSection
	GlobalSection(ExtensibilityGlobals) = postSolution
		SolutionGuid = {204EFB51-5302-4B63-9BEF-6CEDE75C93BA}
	EndGlobalSection
EndGlobal
